
Microsoft Visual Studio Solution File, Format Version 12.00
# Visual Studio Version 17
VisualStudioVersion = 17.3.32825.248
MinimumVisualStudioVersion = 10.0.40219.1
Project("{FAE04EC0-301F-11D3-BF4B-00C04F79EFBC}") = "Serpinski", "Serpinski\Serpinski.csproj", "{22603F99-D8AF-421F-9E78-BF8EF0F01418}"
EndProject
Global
	GlobalSection(SolutionConfigurationPlatforms) = preSolution
		Debug|Any CPU = Debug|Any CPU
		Release|Any CPU = Release|Any CPU
	EndGlobalSection
	GlobalSection(ProjectConfigurationPlatforms) = postSolution
		{22603F99-D8AF-421F-9E78-BF8EF0F01418}.Debug|Any CPU.ActiveCfg = Debug|Any CPU
		{22603F99-D8AF-421F-9E78-BF8EF0F01418}.Debug|Any CPU.Build.0 = Debug|Any CPU
		{22603F99-D8AF-421F-9E78-BF8EF0F01418}.Release|Any CPU.ActiveCfg = Release|Any CPU
		{22603F99-D8AF-421F-9E78-BF8EF0F01418}.Release|Any CPU.Build.0 = Release|Any CPU
	EndGlobalSection
	GlobalSection(SolutionProperties) = preSolution
		HideSolutionNode = FALSE
	EndGlobalSection
	GlobalSection(ExtensibilityGlobals) = postSolution
		SolutionGuid = {66EE4B40-25E8-43CB-A186-4DA312E944F2}
	EndGlobalSection
EndGlobal
